
Microsoft Visual Studio Solution File, Format Version 12.00
# Visual Studio Version 16
VisualStudioVersion = 16.0.30011.22
MinimumVisualStudioVersion = 10.0.40219.1
Project("{FAE04EC0-301F-11D3-BF4B-00C04F79EFBC}") = "SRTSO", "SRTSO\SRTSO.csproj", "{C32DF05B-AAD9-4FA8-819B-BAD222FE9365}"
EndProject
Project("{FAE04EC0-301F-11D3-BF4B-00C04F79EFBC}") = "SRTTest", "SRTTest\SRTTest.csproj", "{767C277D-EB92-4E1C-A82A-9A9CE52409DE}"
EndProject
Global
	GlobalSection(SolutionConfigurationPlatforms) = preSolution
		Debug|Any CPU = Debug|Any CPU
		Release|Any CPU = Release|Any CPU
	EndGlobalSection
	GlobalSection(ProjectConfigurationPlatforms) = postSolution
		{C32DF05B-AAD9-4FA8-819B-BAD222FE9365}.Debug|Any CPU.ActiveCfg = Debug|Any CPU
		{C32DF05B-AAD9-4FA8-819B-BAD222FE9365}.Debug|Any CPU.Build.0 = Debug|Any CPU
		{C32DF05B-AAD9-4FA8-819B-BAD222FE9365}.Release|Any CPU.ActiveCfg = Release|Any CPU
		{C32DF05B-AAD9-4FA8-819B-BAD222FE9365}.Release|Any CPU.Build.0 = Release|Any CPU
		{767C277D-EB92-4E1C-A82A-9A9CE52409DE}.Debug|Any CPU.ActiveCfg = Debug|Any CPU
		{767C277D-EB92-4E1C-A82A-9A9CE52409DE}.Debug|Any CPU.Build.0 = Debug|Any CPU
		{767C277D-EB92-4E1C-A82A-9A9CE52409DE}.Release|Any CPU.ActiveCfg = Release|Any CPU
		{767C277D-EB92-4E1C-A82A-9A9CE52409DE}.Release|Any CPU.Build.0 = Release|Any CPU
	EndGlobalSection
	GlobalSection(SolutionProperties) = preSolution
		HideSolutionNode = FALSE
	EndGlobalSection
	GlobalSection(ExtensibilityGlobals) = postSolution
		SolutionGuid = {E3A4F9B6-7773-4508-98A4-DFEEE6B1EEA7}
	EndGlobalSection
EndGlobal
